
Microsoft Visual Studio Solution File, Format Version 12.00
# Visual Studio Version 17
VisualStudioVersion = 17.3.32825.248
MinimumVisualStudioVersion = 10.0.40219.1
Project("{8BC9CEB8-8B4A-11D0-8D11-00A0C91BC942}") = "zip_test", "zip_test\zip_test.vcxproj", "{B032AD3F-0BF1-44E1-A3EF-AF93E5C5EDA3}"
EndProject
Global
	GlobalSection(SolutionConfigurationPlatforms) = preSolution
		Debug|x64 = Debug|x64
		Debug|x86 = Debug|x86
		Release|x64 = Release|x64
		Release|x86 = Release|x86
	EndGlobalSection
	GlobalSection(ProjectConfigurationPlatforms) = postSolution
		{B032AD3F-0BF1-44E1-A3EF-AF93E5C5EDA3}.Debug|x64.ActiveCfg = Debug|x64
		{B032AD3F-0BF1-44E1-A3EF-AF93E5C5EDA3}.Debug|x64.Build.0 = Debug|x64
		{B032AD3F-0BF1-44E1-A3EF-AF93E5C5EDA3}.Debug|x86.ActiveCfg = Debug|Win32
		{B032AD3F-0BF1-44E1-A3EF-AF93E5C5EDA3}.Debug|x86.Build.0 = Debug|Win32
		{B032AD3F-0BF1-44E1-A3EF-AF93E5C5EDA3}.Release|x64.ActiveCfg = Release|x64
		{B032AD3F-0BF1-44E1-A3EF-AF93E5C5EDA3}.Release|x64.Build.0 = Release|x64
		{B032AD3F-0BF1-44E1-A3EF-AF93E5C5EDA3}.Release|x86.ActiveCfg = Release|Win32
		{B032AD3F-0BF1-44E1-A3EF-AF93E5C5EDA3}.Release|x86.Build.0 = Release|Win32
	EndGlobalSection
	GlobalSection(SolutionProperties) = preSolution
		HideSolutionNode = FALSE
	EndGlobalSection
	GlobalSection(ExtensibilityGlobals) = postSolution
		SolutionGuid = {9287D792-E023-465D-A498-90EE38232617}
	EndGlobalSection
EndGlobal
