
Microsoft Visual Studio Solution File, Format Version 12.00
# Visual Studio Version 16
VisualStudioVersion = 16.0.33214.272
MinimumVisualStudioVersion = 10.0.40219.1
Project("{8BC9CEB8-8B4A-11D0-8D11-00A0C91BC942}") = "Front", "Front\Front.vcxproj", "{E164AAC0-FF8B-4BDB-988B-B8E14E5F26F8}"
EndProject
Global
	GlobalSection(SolutionConfigurationPlatforms) = preSolution
		Debug|x64 = Debug|x64
		Debug|x86 = Debug|x86
		Release|x64 = Release|x64
		Release|x86 = Release|x86
	EndGlobalSection
	GlobalSection(ProjectConfigurationPlatforms) = postSolution
		{E164AAC0-FF8B-4BDB-988B-B8E14E5F26F8}.Debug|x64.ActiveCfg = Debug|x64
		{E164AAC0-FF8B-4BDB-988B-B8E14E5F26F8}.Debug|x64.Build.0 = Debug|x64
		{E164AAC0-FF8B-4BDB-988B-B8E14E5F26F8}.Debug|x86.ActiveCfg = Debug|Win32
		{E164AAC0-FF8B-4BDB-988B-B8E14E5F26F8}.Debug|x86.Build.0 = Debug|Win32
		{E164AAC0-FF8B-4BDB-988B-B8E14E5F26F8}.Release|x64.ActiveCfg = Release|x64
		{E164AAC0-FF8B-4BDB-988B-B8E14E5F26F8}.Release|x64.Build.0 = Release|x64
		{E164AAC0-FF8B-4BDB-988B-B8E14E5F26F8}.Release|x86.ActiveCfg = Release|Win32
		{E164AAC0-FF8B-4BDB-988B-B8E14E5F26F8}.Release|x86.Build.0 = Release|Win32
	EndGlobalSection
	GlobalSection(SolutionProperties) = preSolution
		HideSolutionNode = FALSE
	EndGlobalSection
	GlobalSection(ExtensibilityGlobals) = postSolution
		SolutionGuid = {CCED21C6-6515-4746-8108-D136B9E325EC}
	EndGlobalSection
EndGlobal
